{
  "name": "typescript-5-design-patterns-and-best-practices",
  "version": "1.0.0",
  "lockfileVersion": 3,
  "requires": true,
  "packages": {
    "": {
      "name": "typescript-5-design-patterns-and-best-practices",
      "version": "1.0.0",
      "license": "ISC",
      "workspaces": [
        "chapters/*"
      ],
      "devDependencies": {
        "jest-extended": "^7.0.0"
      }
    },
    "chapters/chapter-1_Getting_Started_With_Typescript_5": {
      "name": "@typescript-5-design-patterns-and-best-practices/chapter1",
      "version": "1.0.0",
      "extraneous": true,
      "license": "ISC",
      "devDependencies": {
        "@tsconfig/recommended": "^1.0.6",
        "@types/node": "^20.12.7",
        "@typescript-eslint/eslint-plugin": "^7.7.0",
        "@typescript-eslint/parser": "^7.7.0",
        "core-js": "3.37.0",
        "eslint": "^8.57.0",
        "prettier": "^3.2.5",
        "rimraf": "5.0.5",
        "ts-node": "^10.9.2",
        "tslib": "2.6.2",
        "typescript": "^5.4.5",
        "vite": "5.2.9",
        "vite-tsconfig-paths": "^4.3.2",
        "vitest": "^1.5.0"
      }
    },
    "chapters/chapter-2_Core_Principles_and_use_cases": {
      "name": "@typescript-5-design-patterns-and-best-practices/chapter2",
      "version": "1.0.0",
      "extraneous": true,
      "license": "ISC",
      "dependencies": {
        "@nestjs/common": "10.3.8",
        "@nestjs/core": "10.3.8",
        "body-parser": "1.20.2",
        "express": "4.19.2",
        "reflect-metadata": "0.2.2",
        "rxjs": "7.8.1"
      },
      "devDependencies": {
        "@tsconfig/recommended": "^1.0.6",
        "@types/express": "4.17.21",
        "@types/node": "^20.12.7",
        "@typescript-eslint/eslint-plugin": "^7.7.0",
        "@typescript-eslint/parser": "^7.7.0",
        "core-js": "3.37.0",
        "eslint": "^8.57.0",
        "prettier": "^3.2.5",
        "rimraf": "5.0.5",
        "ts-node": "^10.9.2",
        "tslib": "2.6.2",
        "typescript": "^5.4.5",
        "vite": "5.2.9",
        "vite-tsconfig-paths": "^4.3.2",
        "vitest": "^1.5.0"
      }
    },
    "chapters/chapter-3_Creational_Design_Patterns": {
      "name": "@typescript-5-design-patterns-and-best-practices/chapter3",
      "version": "1.0.0",
      "extraneous": true,
      "license": "ISC",
      "dependencies": {
        "@nestjs/common": "10.3.8",
        "@nestjs/core": "10.3.8",
        "body-parser": "1.20.2",
        "express": "4.19.2",
        "reflect-metadata": "0.2.2",
        "rxjs": "7.8.1"
      },
      "devDependencies": {
        "@tsconfig/recommended": "^1.0.6",
        "@types/express": "4.17.21",
        "@types/node": "^20.12.7",
        "@typescript-eslint/eslint-plugin": "^7.7.0",
        "@typescript-eslint/parser": "^7.7.0",
        "core-js": "3.37.0",
        "eslint": "^8.57.0",
        "prettier": "^3.2.5",
        "rimraf": "5.0.5",
        "ts-node": "^10.9.2",
        "tslib": "2.6.2",
        "typescript": "^5.4.5",
        "vite": "5.2.9",
        "vite-tsconfig-paths": "^4.3.2",
        "vitest": "^1.5.0"
      }
    },
    "chapters/chapter-4_Structural_Design_Patterns": {
      "name": "@typescript-5-design-patterns-and-best-practices/chapter4",
      "version": "1.0.0",
      "extraneous": true,
      "license": "ISC",
      "dependencies": {
        "@nestjs/common": "10.3.8",
        "@nestjs/core": "10.3.8",
        "body-parser": "1.20.2",
        "express": "4.19.2",
        "reflect-metadata": "0.2.2",
        "rxjs": "7.8.1"
      },
      "devDependencies": {
        "@tsconfig/recommended": "^1.0.6",
        "@types/express": "4.17.21",
        "@types/node": "^20.12.7",
        "@typescript-eslint/eslint-plugin": "^7.7.0",
        "@typescript-eslint/parser": "^7.7.0",
        "core-js": "3.37.0",
        "eslint": "^8.57.0",
        "prettier": "^3.2.5",
        "rimraf": "5.0.5",
        "ts-node": "^10.9.2",
        "tslib": "2.6.2",
        "typescript": "^5.4.5",
        "vite": "5.2.9",
        "vite-tsconfig-paths": "^4.3.2",
        "vitest": "^1.5.0"
      }
    },
    "chapters/chapter-5_Behavioral_Design_Patterns": {
      "name": "@typescript-5-design-patterns-and-best-practices/chapter5",
      "version": "1.0.0",
      "extraneous": true,
      "license": "ISC",
      "dependencies": {
        "@nestjs/common": "10.3.8",
        "@nestjs/core": "10.3.8",
        "body-parser": "1.20.2",
        "express": "4.19.2",
        "reflect-metadata": "0.2.2",
        "rxjs": "7.8.1"
      },
      "devDependencies": {
        "@tsconfig/recommended": "^1.0.6",
        "@types/express": "4.17.21",
        "@types/node": "^20.12.7",
        "@typescript-eslint/eslint-plugin": "^7.7.0",
        "@typescript-eslint/parser": "^7.7.0",
        "core-js": "3.37.0",
        "eslint": "^8.57.0",
        "prettier": "^3.2.5",
        "rimraf": "5.0.5",
        "ts-node": "^10.9.2",
        "tslib": "2.6.2",
        "typescript": "^5.4.5",
        "vite": "5.2.9",
        "vite-tsconfig-paths": "^4.3.2",
        "vitest": "^1.5.0"
      }
    },
    "chapters/chapter-6_Functional_Programming_Concepts": {
      "name": "@typescript-5-design-patterns-and-best-practices/chapter6",
      "version": "1.0.0",
      "extraneous": true,
      "license": "ISC",
      "dependencies": {
        "@nestjs/common": "10.3.8",
        "@nestjs/core": "10.3.8",
        "body-parser": "1.20.2",
        "express": "4.19.2",
        "immutable": "4.0.0-rc.12",
        "ramda": "0.30.1",
        "reflect-metadata": "0.2.2",
        "rxjs": "7.8.1"
      },
      "devDependencies": {
        "@tsconfig/recommended": "^1.0.6",
        "@types/express": "4.17.21",
        "@types/node": "^20.12.7",
        "@types/ramda": "0.30.1",
        "@typescript-eslint/eslint-plugin": "^7.7.0",
        "@typescript-eslint/parser": "^7.7.0",
        "core-js": "3.37.0",
        "eslint": "^8.57.0",
        "fp-ts": "2.16.9",
        "prettier": "^3.2.5",
        "rimraf": "5.0.5",
        "ts-node": "^10.9.2",
        "tslib": "2.6.2",
        "typescript": "^5.4.5",
        "vite": "5.2.9",
        "vite-tsconfig-paths": "^4.3.2",
        "vitest": "^1.5.0"
      }
    },
    "chapters/chapter-7_Reactive_Programming_concepts": {
      "version": "1.0.0",
      "extraneous": true,
      "license": "ISC",
      "dependencies": {
        "@nestjs/common": "10.3.8",
        "@nestjs/core": "10.3.8",
        "body-parser": "1.20.2",
        "express": "4.19.2",
        "immutable": "4.0.0-rc.12",
        "node-fetch": "3.1.0",
        "ramda": "0.30.1",
        "reflect-metadata": "0.2.2",
        "rxjs": "7.8.1"
      },
      "devDependencies": {
        "@tsconfig/recommended": "^1.0.6",
        "@types/express": "4.17.21",
        "@types/node": "^20.12.7",
        "@types/node-fetch": "2.6.11",
        "@types/ramda": "0.30.1",
        "@typescript-eslint/eslint-plugin": "^7.7.0",
        "@typescript-eslint/parser": "^7.7.0",
        "core-js": "3.37.0",
        "eslint": "^8.57.0",
        "fp-ts": "2.16.9",
        "prettier": "^3.2.5",
        "rimraf": "5.0.5",
        "ts-node": "^10.9.2",
        "tslib": "2.6.2",
        "typescript": "^5.4.5",
        "vite": "5.2.9",
        "vite-tsconfig-paths": "^4.3.2",
        "vitest": "^1.5.0"
      }
    },
    "chapters/chapter01_Getting_Started_With_Typescript_5": {
      "name": "@typescript-5-design-patterns-and-best-practices/chapter1",
      "version": "1.0.0",
      "extraneous": true,
      "license": "ISC",
      "devDependencies": {
        "@tsconfig/recommended": "^1.0.6",
        "@types/node": "^20.12.7",
        "@typescript-eslint/eslint-plugin": "^7.7.0",
        "@typescript-eslint/parser": "^7.7.0",
        "core-js": "3.37.0",
        "eslint": "^8.57.0",
        "prettier": "^3.2.5",
        "rimraf": "5.0.5",
        "ts-node": "^10.9.2",
        "tslib": "2.6.2",
        "typescript": "^5.4.5",
        "vite": "5.2.9",
        "vite-tsconfig-paths": "^4.3.2",
        "vitest": "^1.5.0"
      }
    },
    "chapters/chapter02_Core_Principles_and_use_cases": {
      "name": "@typescript-5-design-patterns-and-best-practices/chapter2",
      "version": "1.0.0",
      "extraneous": true,
      "license": "ISC",
      "dependencies": {
        "@nestjs/common": "10.3.8",
        "@nestjs/core": "10.3.8",
        "body-parser": "1.20.2",
        "express": "4.19.2",
        "reflect-metadata": "0.2.2",
        "rxjs": "7.8.1"
      },
      "devDependencies": {
        "@tsconfig/recommended": "^1.0.6",
        "@types/express": "4.17.21",
        "@types/node": "^20.12.7",
        "@typescript-eslint/eslint-plugin": "^7.7.0",
        "@typescript-eslint/parser": "^7.7.0",
        "core-js": "3.37.0",
        "eslint": "^8.57.0",
        "prettier": "^3.2.5",
        "rimraf": "5.0.5",
        "ts-node": "^10.9.2",
        "tslib": "2.6.2",
        "typescript": "^5.4.5",
        "vite": "5.2.9",
        "vite-tsconfig-paths": "^4.3.2",
        "vitest": "^1.5.0"
      }
    },
    "chapters/chapter03_Creational_Design_Patterns": {
      "name": "@typescript-5-design-patterns-and-best-practices/chapter3",
      "version": "1.0.0",
      "extraneous": true,
      "license": "ISC",
      "dependencies": {
        "@nestjs/common": "10.3.8",
        "@nestjs/core": "10.3.8",
        "body-parser": "1.20.2",
        "express": "4.19.2",
        "reflect-metadata": "0.2.2",
        "rxjs": "7.8.1"
      },
      "devDependencies": {
        "@tsconfig/recommended": "^1.0.6",
        "@types/express": "4.17.21",
        "@types/node": "^20.12.7",
        "@typescript-eslint/eslint-plugin": "^7.7.0",
        "@typescript-eslint/parser": "^7.7.0",
        "core-js": "3.37.0",
        "eslint": "^8.57.0",
        "prettier": "^3.2.5",
        "rimraf": "5.0.5",
        "ts-node": "^10.9.2",
        "tslib": "2.6.2",
        "typescript": "^5.4.5",
        "vite": "5.2.9",
        "vite-tsconfig-paths": "^4.3.2",
        "vitest": "^1.5.0"
      }
    },
    "chapters/chapter04_Structural_Design_Patterns": {
      "name": "@typescript-5-design-patterns-and-best-practices/chapter4",
      "version": "1.0.0",
      "extraneous": true,
      "license": "ISC",
      "dependencies": {
        "@nestjs/common": "10.3.8",
        "@nestjs/core": "10.3.8",
        "body-parser": "1.20.2",
        "express": "4.19.2",
        "reflect-metadata": "0.2.2",
        "rxjs": "7.8.1"
      },
      "devDependencies": {
        "@tsconfig/recommended": "^1.0.6",
        "@types/express": "4.17.21",
        "@types/node": "^20.12.7",
        "@typescript-eslint/eslint-plugin": "^7.7.0",
        "@typescript-eslint/parser": "^7.7.0",
        "core-js": "3.37.0",
        "eslint": "^8.57.0",
        "prettier": "^3.2.5",
        "rimraf": "5.0.5",
        "ts-node": "^10.9.2",
        "tslib": "2.6.2",
        "typescript": "^5.4.5",
        "vite": "5.2.9",
        "vite-tsconfig-paths": "^4.3.2",
        "vitest": "^1.5.0"
      }
    },
    "chapters/chapter05_Behavioral_Design_Patterns_Communication": {
      "name": "@typescript-5-design-patterns-and-best-practices/chapter5",
      "version": "1.0.0",
      "extraneous": true,
      "license": "ISC",
      "dependencies": {
        "@nestjs/common": "10.3.8",
        "@nestjs/core": "10.3.8",
        "body-parser": "1.20.2",
        "express": "4.19.2",
        "reflect-metadata": "0.2.2",
        "rxjs": "7.8.1"
      },
      "devDependencies": {
        "@tsconfig/recommended": "^1.0.6",
        "@types/express": "4.17.21",
        "@types/node": "^20.12.7",
        "@typescript-eslint/eslint-plugin": "^7.7.0",
        "@typescript-eslint/parser": "^7.7.0",
        "core-js": "3.37.0",
        "eslint": "^8.57.0",
        "prettier": "^3.2.5",
        "rimraf": "5.0.5",
        "ts-node": "^10.9.2",
        "tslib": "2.6.2",
        "typescript": "^5.4.5",
        "vite": "5.2.9",
        "vite-tsconfig-paths": "^4.3.2",
        "vitest": "^1.5.0"
      }
    },
    "chapters/chapter06_Behavioral_Design_Patterns_State": {
      "name": "@typescript-5-design-patterns-and-best-practices/chapter6",
      "version": "1.0.0",
      "extraneous": true,
      "license": "ISC",
      "dependencies": {
        "@nestjs/common": "10.3.8",
        "@nestjs/core": "10.3.8",
        "body-parser": "1.20.2",
        "express": "4.19.2",
        "reflect-metadata": "0.2.2",
        "rxjs": "7.8.1"
      },
      "devDependencies": {
        "@tsconfig/recommended": "^1.0.6",
        "@types/express": "4.17.21",
        "@types/node": "^20.12.7",
        "@typescript-eslint/eslint-plugin": "^7.7.0",
        "@typescript-eslint/parser": "^7.7.0",
        "core-js": "3.37.0",
        "eslint": "^8.57.0",
        "prettier": "^3.2.5",
        "rimraf": "5.0.5",
        "ts-node": "^10.9.2",
        "tslib": "2.6.2",
        "typescript": "^5.4.5",
        "vite": "5.2.9",
        "vite-tsconfig-paths": "^4.3.2",
        "vitest": "^1.5.0"
      }
    },
    "chapters/chapter07_Functional_Programming_Concepts": {
      "name": "@typescript-5-design-patterns-and-best-practices/chapter7",
      "version": "1.0.0",
      "extraneous": true,
      "license": "ISC",
      "dependencies": {
        "@nestjs/common": "10.3.8",
        "@nestjs/core": "10.3.8",
        "body-parser": "1.20.2",
        "express": "4.19.2",
        "immutable": "4.0.0-rc.12",
        "ramda": "0.30.1",
        "reflect-metadata": "0.2.2",
        "rxjs": "7.8.1"
      },
      "devDependencies": {
        "@tsconfig/recommended": "^1.0.6",
        "@types/express": "4.17.21",
        "@types/node": "^20.12.7",
        "@types/ramda": "0.30.1",
        "@typescript-eslint/eslint-plugin": "^7.7.0",
        "@typescript-eslint/parser": "^7.7.0",
        "core-js": "3.37.0",
        "eslint": "^8.57.0",
        "fp-ts": "2.16.9",
        "prettier": "^3.2.5",
        "rimraf": "5.0.5",
        "ts-node": "^10.9.2",
        "tslib": "2.6.2",
        "typescript": "^5.4.5",
        "vite": "5.2.9",
        "vite-tsconfig-paths": "^4.3.2",
        "vitest": "^1.5.0"
      }
    },
    "chapters/chapter08_Reactive_Programming_concepts": {
      "name": "@typescript-5-design-patterns-and-best-practices/chapter8",
      "version": "1.0.0",
      "extraneous": true,
      "license": "ISC",
      "dependencies": {
        "@nestjs/common": "10.3.8",
        "@nestjs/core": "10.3.8",
        "body-parser": "1.20.2",
        "express": "4.19.2",
        "immutable": "4.0.0-rc.12",
        "node-fetch": "3.1.0",
        "ramda": "0.30.1",
        "reflect-metadata": "0.2.2",
        "rxjs": "7.8.1"
      },
      "devDependencies": {
        "@tsconfig/recommended": "^1.0.6",
        "@types/express": "4.17.21",
        "@types/node": "^20.12.7",
        "@types/node-fetch": "2.6.11",
        "@types/ramda": "0.30.1",
        "@typescript-eslint/eslint-plugin": "^7.7.0",
        "@typescript-eslint/parser": "^7.7.0",
        "core-js": "3.37.0",
        "eslint": "^8.57.0",
        "fp-ts": "2.16.9",
        "prettier": "^3.2.5",
        "rimraf": "5.0.5",
        "ts-node": "^10.9.2",
        "tslib": "2.6.2",
        "typescript": "^5.4.5",
        "vite": "5.2.9",
        "vite-tsconfig-paths": "^4.3.2",
        "vitest": "^1.5.0"
      }
    },
    "chapters/chapter09_Best_practices": {
      "name": "@typescript-5-design-patterns-and-best-practices/chapter9",
      "version": "1.0.0",
      "extraneous": true,
      "license": "ISC",
      "dependencies": {
        "@nestjs/common": "10.3.8",
        "@nestjs/core": "10.3.8",
        "body-parser": "1.20.2",
        "express": "4.19.2",
        "immutable": "4.0.0-rc.12",
        "lodash": "4.17.21",
        "node-fetch": "3.1.0",
        "ramda": "0.30.1",
        "reflect-metadata": "0.2.2",
        "rxjs": "7.8.1"
      },
      "devDependencies": {
        "@tsconfig/recommended": "^1.0.6",
        "@types/express": "4.17.21",
        "@types/lodash": "4.14.188",
        "@types/node": "^20.12.7",
        "@types/node-fetch": "2.6.11",
        "@types/ramda": "0.30.1",
        "@typescript-eslint/eslint-plugin": "^7.7.0",
        "@typescript-eslint/parser": "^7.7.0",
        "core-js": "3.37.0",
        "eslint": "^8.57.0",
        "fp-ts": "2.16.9",
        "prettier": "^3.2.5",
        "rimraf": "5.0.5",
        "ts-node": "^10.9.2",
        "tslib": "2.6.2",
        "typescript": "^5.4.5",
        "vite": "5.2.9",
        "vite-tsconfig-paths": "^4.3.2",
        "vitest": "^1.5.0"
      }
    },
    "chapters/chapter10_Anti_patterns": {
      "name": "@typescript-5-design-patterns-and-best-practices/chapter10",
      "version": "1.0.0",
      "extraneous": true,
      "license": "ISC",
      "dependencies": {
        "@nestjs/common": "10.3.8",
        "@nestjs/core": "10.3.8",
        "body-parser": "1.20.2",
        "express": "4.19.2",
        "immutable": "4.0.0-rc.12",
        "node-fetch": "3.1.0",
        "ramda": "0.30.1",
        "reflect-metadata": "0.2.2",
        "rxjs": "7.8.1"
      },
      "devDependencies": {
        "@tsconfig/recommended": "^1.0.6",
        "@types/express": "4.17.21",
        "@types/node": "^20.12.7",
        "@types/node-fetch": "2.6.11",
        "@types/ramda": "0.30.1",
        "@typescript-eslint/eslint-plugin": "^7.7.0",
        "@typescript-eslint/parser": "^7.7.0",
        "core-js": "3.37.0",
        "eslint": "^8.57.0",
        "fp-ts": "2.16.9",
        "prettier": "^3.2.5",
        "rimraf": "5.0.5",
        "ts-node": "^10.9.2",
        "tslib": "2.6.2",
        "typescript": "^5.4.5",
        "vite": "5.2.9",
        "vite-tsconfig-paths": "^4.3.2",
        "vitest": "^1.5.0"
      }
    },
    "code/chapter-1_Getting_Started_With_Typescript_5": {
      "version": "1.0.0",
      "extraneous": true,
      "license": "ISC",
      "devDependencies": {
        "@tsconfig/recommended": "^1.0.6",
        "@types/node": "^20.12.7",
        "@typescript-eslint/eslint-plugin": "^7.7.0",
        "@typescript-eslint/parser": "^7.7.0",
        "eslint": "^8.57.0",
        "prettier": "^3.2.5",
        "rimraf": "5.0.5",
        "ts-node": "^10.9.2",
        "typescript": "^5.4.5",
        "vite": "5.2.9",
        "vite-tsconfig-paths": "^4.3.2",
        "vitest": "^1.5.0"
      }
    },
    "code/chapter1": {
      "version": "1.0.0",
      "extraneous": true,
      "license": "ISC"
    },
    "node_modules/@jest/diff-sequences": {
      "version": "30.0.1",
      "resolved": "https://registry.npmjs.org/@jest/diff-sequences/-/diff-sequences-30.0.1.tgz",
      "integrity": "sha512-n5H8QLDJ47QqbCNn5SuFjCRDrOLEZ0h8vAHCK5RL9Ls7Xa8AQLa/YxAc9UjFqoEDM48muwtBGjtMY5cr0PLDCw==",
      "dev": true,
      "license": "MIT",
      "engines": {
        "node": "^18.14.0 || ^20.0.0 || ^22.0.0 || >=24.0.0"
      }
    },
    "node_modules/@jest/get-type": {
      "version": "30.1.0",
      "resolved": "https://registry.npmjs.org/@jest/get-type/-/get-type-30.1.0.tgz",
      "integrity": "sha512-eMbZE2hUnx1WV0pmURZY9XoXPkUYjpc55mb0CrhtdWLtzMQPFvu/rZkTLZFTsdaVQa+Tr4eWAteqcUzoawq/uA==",
      "dev": true,
      "license": "MIT",
      "engines": {
        "node": "^18.14.0 || ^20.0.0 || ^22.0.0 || >=24.0.0"
      }
    },
    "node_modules/ansi-styles": {
      "version": "4.3.0",
      "resolved": "https://registry.npmjs.org/ansi-styles/-/ansi-styles-4.3.0.tgz",
      "integrity": "sha512-zbB9rCJAT1rbjiVDb2hqKFHNYLxgtk8NURxZ3IZwD3F6NtxbXZQCnnSi1Lkx+IDohdPlFp222wVALIheZJQSEg==",
      "dev": true,
      "dependencies": {
        "color-convert": "^2.0.1"
      },
      "engines": {
        "node": ">=8"
      },
      "funding": {
        "url": "https://github.com/chalk/ansi-styles?sponsor=1"
      }
    },
    "node_modules/chalk": {
      "version": "4.1.2",
      "resolved": "https://registry.npmjs.org/chalk/-/chalk-4.1.2.tgz",
      "integrity": "sha512-oKnbhFyRIXpUuez8iBMmyEa4nbj4IOQyuhc/wy9kY7/WVPcwIO9VA668Pu8RkO7+0G76SLROeyw9CpQ061i4mA==",
      "dev": true,
      "dependencies": {
        "ansi-styles": "^4.1.0",
        "supports-color": "^7.1.0"
      },
      "engines": {
        "node": ">=10"
      },
      "funding": {
        "url": "https://github.com/chalk/chalk?sponsor=1"
      }
    },
    "node_modules/color-convert": {
      "version": "2.0.1",
      "resolved": "https://registry.npmjs.org/color-convert/-/color-convert-2.0.1.tgz",
      "integrity": "sha512-RRECPsj7iu/xb5oKYcsFHSppFNnsj/52OVTRKb4zP5onXwVF3zVmmToNcOfGC+CRDpfK/U584fMg38ZHCaElKQ==",
      "dev": true,
      "dependencies": {
        "color-name": "~1.1.4"
      },
      "engines": {
        "node": ">=7.0.0"
      }
    },
    "node_modules/color-name": {
      "version": "1.1.4",
      "resolved": "https://registry.npmjs.org/color-name/-/color-name-1.1.4.tgz",
      "integrity": "sha512-dOy+3AuW3a2wNbZHIuMZpTcgjGuLU/uBL/ubcZF9OXbDo8ff4O8yVp5Bf0efS8uEoYo5q4Fx7dY9OgQGXgAsQA==",
      "dev": true
    },
    "node_modules/has-flag": {
      "version": "4.0.0",
      "resolved": "https://registry.npmjs.org/has-flag/-/has-flag-4.0.0.tgz",
      "integrity": "sha512-EykJT/Q1KjTWctppgIAgfSO0tKVuZUjhgMr17kqTumMl6Afv3EISleU7qZUzoXDFTAHTDC4NOoG/ZxU3EvlMPQ==",
      "dev": true,
      "engines": {
        "node": ">=8"
      }
    },
    "node_modules/jest-diff": {
      "version": "30.2.0",
      "resolved": "https://registry.npmjs.org/jest-diff/-/jest-diff-30.2.0.tgz",
      "integrity": "sha512-dQHFo3Pt4/NLlG5z4PxZ/3yZTZ1C7s9hveiOj+GCN+uT109NC2QgsoVZsVOAvbJ3RgKkvyLGXZV9+piDpWbm6A==",
      "dev": true,
      "license": "MIT",
      "dependencies": {
        "@jest/diff-sequences": "30.0.1",
        "@jest/get-type": "30.1.0",
        "chalk": "^4.1.2",
        "pretty-format": "30.2.0"
      },
      "engines": {
        "node": "^18.14.0 || ^20.0.0 || ^22.0.0 || >=24.0.0"
      }
    },
    "node_modules/jest-diff/node_modules/@jest/schemas": {
      "version": "30.0.5",
      "resolved": "https://registry.npmjs.org/@jest/schemas/-/schemas-30.0.5.tgz",
      "integrity": "sha512-DmdYgtezMkh3cpU8/1uyXakv3tJRcmcXxBOcO0tbaozPwpmh4YMsnWrQm9ZmZMfa5ocbxzbFk6O4bDPEc/iAnA==",
      "dev": true,
      "license": "MIT",
      "dependencies": {
        "@sinclair/typebox": "^0.34.0"
      },
      "engines": {
        "node": "^18.14.0 || ^20.0.0 || ^22.0.0 || >=24.0.0"
      }
    },
    "node_modules/jest-diff/node_modules/@sinclair/typebox": {
      "version": "0.34.41",
      "resolved": "https://registry.npmjs.org/@sinclair/typebox/-/typebox-0.34.41.tgz",
      "integrity": "sha512-6gS8pZzSXdyRHTIqoqSVknxolr1kzfy4/CeDnrzsVz8TTIWUbOBr6gnzOmTYJ3eXQNh4IYHIGi5aIL7sOZ2G/g==",
      "dev": true,
      "license": "MIT"
    },
    "node_modules/jest-diff/node_modules/ansi-styles": {
      "version": "5.2.0",
      "resolved": "https://registry.npmjs.org/ansi-styles/-/ansi-styles-5.2.0.tgz",
      "integrity": "sha512-Cxwpt2SfTzTtXcfOlzGEee8O+c+MmUgGrNiBcXnuWxuFJHe6a5Hz7qwhwe5OgaSYI0IJvkLqWX1ASG+cJOkEiA==",
      "dev": true,
      "license": "MIT",
      "engines": {
        "node": ">=10"
      },
      "funding": {
        "url": "https://github.com/chalk/ansi-styles?sponsor=1"
      }
    },
    "node_modules/jest-diff/node_modules/pretty-format": {
      "version": "30.2.0",
      "resolved": "https://registry.npmjs.org/pretty-format/-/pretty-format-30.2.0.tgz",
      "integrity": "sha512-9uBdv/B4EefsuAL+pWqueZyZS2Ba+LxfFeQ9DN14HU4bN8bhaxKdkpjpB6fs9+pSjIBu+FXQHImEg8j/Lw0+vA==",
      "dev": true,
      "license": "MIT",
      "dependencies": {
        "@jest/schemas": "30.0.5",
        "ansi-styles": "^5.2.0",
        "react-is": "^18.3.1"
      },
      "engines": {
        "node": "^18.14.0 || ^20.0.0 || ^22.0.0 || >=24.0.0"
      }
    },
    "node_modules/jest-extended": {
      "version": "7.0.0",
      "resolved": "https://registry.npmjs.org/jest-extended/-/jest-extended-7.0.0.tgz",
      "integrity": "sha512-96jBsVJDxZKFh+kWY7E18Is2usUsUYtBn97MxCtb4COnbgD4aE1h+P0fdFQNeJaI6KOeduas4Numc9yTuk0+Gw==",
      "dev": true,
      "license": "MIT",
      "dependencies": {
        "jest-diff": "^30.0.0"
      },
      "engines": {
        "node": "^20.9.0 || ^22.11.0 || ^24.11.0 || >=25.0.0"
      },
      "peerDependencies": {
        "jest": ">=27.2.5",
        "typescript": ">=5.0.0"
      },
      "peerDependenciesMeta": {
        "jest": {
          "optional": true
        },
        "typescript": {
          "optional": false
        }
      }
    },
    "node_modules/react-is": {
      "version": "18.3.1",
      "resolved": "https://registry.npmjs.org/react-is/-/react-is-18.3.1.tgz",
      "integrity": "sha512-/LLMVyas0ljjAtoYiPqYiL8VWXzUUdThrmU5+n20DZv+a+ClRoevUzw5JxU+Ieh5/c87ytoTBV9G1FiKfNJdmg==",
      "dev": true,
      "license": "MIT"
    },
    "node_modules/supports-color": {
      "version": "7.2.0",
      "resolved": "https://registry.npmjs.org/supports-color/-/supports-color-7.2.0.tgz",
      "integrity": "sha512-qpCAvRl9stuOHveKsn7HncJRvv501qIacKzQlO/+Lwxc9+0q2wLyv4Dfvt80/DPn2pqOBsJdDiogXGR9+OvwRw==",
      "dev": true,
      "dependencies": {
        "has-flag": "^4.0.0"
      },
      "engines": {
        "node": ">=8"
      }
    },
    "node_modules/typescript": {
      "version": "5.4.5",
      "resolved": "https://registry.npmjs.org/typescript/-/typescript-5.4.5.tgz",
      "integrity": "sha512-vcI4UpRgg81oIRUFwR0WSIHKt11nJ7SAVlYNIu+QpqeyXP+gpQJy/Z4+F0aGxSE4MqwjyXvW/TzgkLAx2AGHwQ==",
      "dev": true,
      "peer": true,
      "bin": {
        "tsc": "bin/tsc",
        "tsserver": "bin/tsserver"
      },
      "engines": {
        "node": ">=14.17"
      }
    }
  }
}
